<?xml version="1.0" encoding="utf-8"?>
<Project ToolsVersion="4.0" xmlns="http://schemas.microsoft.com/developer/msbuild/2003">
  <ItemGroup>
    <Filter Include="Code">
      <UniqueIdentifier>{541a2914-5e35-4996-a8a7-155494840995}</UniqueIdentifier>
    </Filter>
    <Filter Include="Code\Server">
      <UniqueIdentifier>{e421afdd-cd83-4a2b-8fc3-89f35eb94557}</UniqueIdentifier>
    </Filter>
    <Filter Include="Code\Network">
      <UniqueIdentifier>{e0e86343-a103-4b2b-b400-be01f3e68fc4}</UniqueIdentifier>
    </Filter>
    <Filter Include="Common">
      <UniqueIdentifier>{42ccb6da-db4b-4629-9ece-ccf0983acc26}</UniqueIdentifier>
    </Filter>
    <Filter Include="Code\Define">
      <UniqueIdentifier>{8128a655-7725-49f6-9310-fa8da5991dd7}</UniqueIdentifier>
    </Filter>
    <Filter Include="Code\Server\PacketHandler">
      <UniqueIdentifier>{ef4a6fa7-d309-4e0e-b43b-39f5e9dea9f6}</UniqueIdentifier>
    </Filter>
    <Filter Include="Code\User">
      <UniqueIdentifier>{d96389a4-7ac2-4792-8253-e278fc052153}</UniqueIdentifier>
    </Filter>
    <Filter Include="Code\Lobby">
      <UniqueIdentifier>{58d0d0bd-5221-4b89-b90f-c80f1e65ff43}</UniqueIdentifier>
    </Filter>
    <Filter Include="Code\Room">
      <UniqueIdentifier>{202d1c94-318c-4790-bed2-fa80ee07f63e}</UniqueIdentifier>
    </Filter>
  </ItemGroup>
  <ItemGroup>
    <ClCompile Include="Server.cpp">
      <Filter>Code\Server</Filter>
    </ClCompile>
    <ClCompile Include="Network.cpp">
      <Filter>Code\Network</Filter>
    </ClCompile>
    <ClCompile Include="PacketHandler.cpp">
      <Filter>Code\Server\PacketHandler</Filter>
    </ClCompile>
    <ClCompile Include="UserManager.cpp">
      <Filter>Code\User</Filter>
    </ClCompile>
    <ClCompile Include="User.cpp">
      <Filter>Code\User</Filter>
    </ClCompile>
    <ClCompile Include="ConnectedUserManager.cpp">
      <Filter>Code\User</Filter>
    </ClCompile>
    <ClCompile Include="Room.cpp">
      <Filter>Code\Room</Filter>
    </ClCompile>
    <ClCompile Include="Lobby.cpp">
      <Filter>Code\Lobby</Filter>
    </ClCompile>
    <ClCompile Include="LobbyManager.cpp">
      <Filter>Code\Lobby</Filter>
    </ClCompile>
  </ItemGroup>
  <ItemGroup>
    <ClInclude Include="Server.h">
      <Filter>Code\Server</Filter>
    </ClInclude>
    <ClInclude Include="Network.h">
      <Filter>Code\Network</Filter>
    </ClInclude>
    <ClInclude Include="PacketError.h">
      <Filter>Common</Filter>
    </ClInclude>
    <ClInclude Include="Config.h">
      <Filter>Code\Define</Filter>
    </ClInclude>
    <ClInclude Include="ServerCode.h">
      <Filter>Code\Define</Filter>
    </ClInclude>
    <ClInclude Include="Packet.h">
      <Filter>Common</Filter>
    </ClInclude>
    <ClInclude Include="PacketID.h">
      <Filter>Common</Filter>
    </ClInclude>
    <ClInclude Include="PacketHandler.h">
      <Filter>Code\Server\PacketHandler</Filter>
    </ClInclude>
    <ClInclude Include="UserManager.h">
      <Filter>Code\User</Filter>
    </ClInclude>
    <ClInclude Include="User.h">
      <Filter>Code\User</Filter>
    </ClInclude>
    <ClInclude Include="ConnectedUserManager.h">
      <Filter>Code\User</Filter>
    </ClInclude>
    <ClInclude Include="Room.h">
      <Filter>Code\Room</Filter>
    </ClInclude>
    <ClInclude Include="Lobby.h">
      <Filter>Code\Lobby</Filter>
    </ClInclude>
    <ClInclude Include="LobbyManager.h">
      <Filter>Code\Lobby</Filter>
    </ClInclude>
  </ItemGroup>
</Project>